
Microsoft Visual Studio Solution File, Format Version 12.00
# Visual Studio Version 17
VisualStudioVersion = 17.7.34202.233
MinimumVisualStudioVersion = 10.0.40219.1
Project("{FAE04EC0-301F-11D3-BF4B-00C04F79EFBC}") = "DOSYA İSLEMLERİ", "DOSYA İSLEMLERİ\DOSYA İSLEMLERİ.csproj", "{4C8F563C-5F2E-494F-B0B5-7E8A77BC951D}"
EndProject
Global
	GlobalSection(SolutionConfigurationPlatforms) = preSolution
		Debug|Any CPU = Debug|Any CPU
		Release|Any CPU = Release|Any CPU
	EndGlobalSection
	GlobalSection(ProjectConfigurationPlatforms) = postSolution
		{4C8F563C-5F2E-494F-B0B5-7E8A77BC951D}.Debug|Any CPU.ActiveCfg = Debug|Any CPU
		{4C8F563C-5F2E-494F-B0B5-7E8A77BC951D}.Debug|Any CPU.Build.0 = Debug|Any CPU
		{4C8F563C-5F2E-494F-B0B5-7E8A77BC951D}.Release|Any CPU.ActiveCfg = Release|Any CPU
		{4C8F563C-5F2E-494F-B0B5-7E8A77BC951D}.Release|Any CPU.Build.0 = Release|Any CPU
	EndGlobalSection
	GlobalSection(SolutionProperties) = preSolution
		HideSolutionNode = FALSE
	EndGlobalSection
	GlobalSection(ExtensibilityGlobals) = postSolution
		SolutionGuid = {61D74300-CDAA-409C-AD66-ABC719C97414}
	EndGlobalSection
EndGlobal
